
Microsoft Visual Studio Solution File, Format Version 12.00
# Visual Studio 2013
VisualStudioVersion = 12.0.31101.0
MinimumVisualStudioVersion = 10.0.40219.1
Project("{FAE04EC0-301F-11D3-BF4B-00C04F79EFBC}") = "Link.Entities", "Link.Entities\Link.Entities.csproj", "{7079BAD9-2A3F-4AA1-8676-3F587FAC7091}"
EndProject
Project("{FAE04EC0-301F-11D3-BF4B-00C04F79EFBC}") = "Link.WebUI", "Link.WebUI\Link.WebUI.csproj", "{E590C008-8C62-4276-AA2B-48EACADB35B0}"
EndProject
Project("{FAE04EC0-301F-11D3-BF4B-00C04F79EFBC}") = "Link.Business", "Link.Business\Link.Business.csproj", "{D6A39991-12B2-4C7B-821C-8637E58966DC}"
EndProject
Project("{FAE04EC0-301F-11D3-BF4B-00C04F79EFBC}") = "Link.IntegrationFactory", "Link.IntegrationFactory\Link.IntegrationFactory.csproj", "{98CF5D24-E6D0-414E-BE4C-08CC59386D95}"
EndProject
Project("{FAE04EC0-301F-11D3-BF4B-00C04F79EFBC}") = "Link.EcommerceIntegrationInterface", "Link.IntegrationInterface\Link.EcommerceIntegrationInterface.csproj", "{1B637C2C-B008-48AB-B53E-3490D75AF6FD}"
EndProject
Project("{FAE04EC0-301F-11D3-BF4B-00C04F79EFBC}") = "Link.ERPIntegrationInterface", "ERPIntegrationInterface\Link.ERPIntegrationInterface.csproj", "{1B339D6D-A3A3-4F89-B16A-156C20F0B569}"
EndProject
Project("{FAE04EC0-301F-11D3-BF4B-00C04F79EFBC}") = "Link.Zeta", "Link.Zeta\Link.Zeta.csproj", "{1C1B383C-DAA5-4410-9FB1-DE86748A8BBF}"
EndProject
Project("{FAE04EC0-301F-11D3-BF4B-00C04F79EFBC}") = "MercadoLibreController.LINK", "MercadoLibreController.LINK\MercadoLibreController.LINK.csproj", "{35F66423-9E08-40F2-8A7E-D17268D97402}"
EndProject
Project("{FAE04EC0-301F-11D3-BF4B-00C04F79EFBC}") = "Common", "Common\Common.csproj", "{0C449750-7478-4CF9-9A06-079733A47B6B}"
EndProject
Global
	GlobalSection(SolutionConfigurationPlatforms) = preSolution
		Debug|Any CPU = Debug|Any CPU
		Release|Any CPU = Release|Any CPU
	EndGlobalSection
	GlobalSection(ProjectConfigurationPlatforms) = postSolution
		{7079BAD9-2A3F-4AA1-8676-3F587FAC7091}.Debug|Any CPU.ActiveCfg = Debug|Any CPU
		{7079BAD9-2A3F-4AA1-8676-3F587FAC7091}.Debug|Any CPU.Build.0 = Debug|Any CPU
		{7079BAD9-2A3F-4AA1-8676-3F587FAC7091}.Release|Any CPU.ActiveCfg = Release|Any CPU
		{7079BAD9-2A3F-4AA1-8676-3F587FAC7091}.Release|Any CPU.Build.0 = Release|Any CPU
		{E590C008-8C62-4276-AA2B-48EACADB35B0}.Debug|Any CPU.ActiveCfg = Debug|Any CPU
		{E590C008-8C62-4276-AA2B-48EACADB35B0}.Debug|Any CPU.Build.0 = Debug|Any CPU
		{E590C008-8C62-4276-AA2B-48EACADB35B0}.Release|Any CPU.ActiveCfg = Release|Any CPU
		{E590C008-8C62-4276-AA2B-48EACADB35B0}.Release|Any CPU.Build.0 = Release|Any CPU
		{D6A39991-12B2-4C7B-821C-8637E58966DC}.Debug|Any CPU.ActiveCfg = Debug|Any CPU
		{D6A39991-12B2-4C7B-821C-8637E58966DC}.Debug|Any CPU.Build.0 = Debug|Any CPU
		{D6A39991-12B2-4C7B-821C-8637E58966DC}.Release|Any CPU.ActiveCfg = Release|Any CPU
		{D6A39991-12B2-4C7B-821C-8637E58966DC}.Release|Any CPU.Build.0 = Release|Any CPU
		{98CF5D24-E6D0-414E-BE4C-08CC59386D95}.Debug|Any CPU.ActiveCfg = Debug|Any CPU
		{98CF5D24-E6D0-414E-BE4C-08CC59386D95}.Debug|Any CPU.Build.0 = Debug|Any CPU
		{98CF5D24-E6D0-414E-BE4C-08CC59386D95}.Release|Any CPU.ActiveCfg = Release|Any CPU
		{98CF5D24-E6D0-414E-BE4C-08CC59386D95}.Release|Any CPU.Build.0 = Release|Any CPU
		{1B637C2C-B008-48AB-B53E-3490D75AF6FD}.Debug|Any CPU.ActiveCfg = Debug|Any CPU
		{1B637C2C-B008-48AB-B53E-3490D75AF6FD}.Debug|Any CPU.Build.0 = Debug|Any CPU
		{1B637C2C-B008-48AB-B53E-3490D75AF6FD}.Release|Any CPU.ActiveCfg = Release|Any CPU
		{1B637C2C-B008-48AB-B53E-3490D75AF6FD}.Release|Any CPU.Build.0 = Release|Any CPU
		{1B339D6D-A3A3-4F89-B16A-156C20F0B569}.Debug|Any CPU.ActiveCfg = Debug|Any CPU
		{1B339D6D-A3A3-4F89-B16A-156C20F0B569}.Debug|Any CPU.Build.0 = Debug|Any CPU
		{1B339D6D-A3A3-4F89-B16A-156C20F0B569}.Release|Any CPU.ActiveCfg = Release|Any CPU
		{1B339D6D-A3A3-4F89-B16A-156C20F0B569}.Release|Any CPU.Build.0 = Release|Any CPU
		{1C1B383C-DAA5-4410-9FB1-DE86748A8BBF}.Debug|Any CPU.ActiveCfg = Debug|Any CPU
		{1C1B383C-DAA5-4410-9FB1-DE86748A8BBF}.Debug|Any CPU.Build.0 = Debug|Any CPU
		{1C1B383C-DAA5-4410-9FB1-DE86748A8BBF}.Release|Any CPU.ActiveCfg = Release|Any CPU
		{1C1B383C-DAA5-4410-9FB1-DE86748A8BBF}.Release|Any CPU.Build.0 = Release|Any CPU
		{35F66423-9E08-40F2-8A7E-D17268D97402}.Debug|Any CPU.ActiveCfg = Debug|Any CPU
		{35F66423-9E08-40F2-8A7E-D17268D97402}.Debug|Any CPU.Build.0 = Debug|Any CPU
		{35F66423-9E08-40F2-8A7E-D17268D97402}.Release|Any CPU.ActiveCfg = Release|Any CPU
		{35F66423-9E08-40F2-8A7E-D17268D97402}.Release|Any CPU.Build.0 = Release|Any CPU
		{0C449750-7478-4CF9-9A06-079733A47B6B}.Debug|Any CPU.ActiveCfg = Debug|Any CPU
		{0C449750-7478-4CF9-9A06-079733A47B6B}.Debug|Any CPU.Build.0 = Debug|Any CPU
		{0C449750-7478-4CF9-9A06-079733A47B6B}.Release|Any CPU.ActiveCfg = Release|Any CPU
		{0C449750-7478-4CF9-9A06-079733A47B6B}.Release|Any CPU.Build.0 = Release|Any CPU
	EndGlobalSection
	GlobalSection(SolutionProperties) = preSolution
		HideSolutionNode = FALSE
	EndGlobalSection
EndGlobal
